version: 2.0
shards:
  action-controller:
    git: https://github.com/spider-gazelle/action-controller.git
    version: 7.5.0

  backtracer:
    git: https://github.com/sija/backtracer.cr.git
    version: 1.2.2

  crystal-es:
    git: https://github.com/tristanholl/crystal-es.git
    version: 0.1.0+git.commit.651ad39f295334c20cc6b6caa418a743b9a129ab

  db:
    git: https://github.com/crystal-lang/crystal-db.git
    version: 0.13.1

  exception_page:
    git: https://github.com/crystal-loot/exception_page.git
    version: 0.5.0

  habitat:
    git: https://github.com/luckyframework/habitat.git
    version: 0.4.9

  hot_topic:
    git: https://github.com/jgaskins/hot_topic.git
    version: 0.1.0+git.commit.3c901e77b6e000930398738260a2944b6f5785dc

  json-schema:
    git: https://github.com/spider-gazelle/json-schema.git
    version: 1.3.1

  lucky_router:
    git: https://github.com/luckyframework/lucky_router.git
    version: 0.6.0

  pg:
    git: https://github.com/will/crystal-pg.git
    version: 0.29.0

