version: 2.0
shards:
  crystal-es:
    git: https://github.com/tristanholl/crystal-es.git
    version: 0.1.0+git.commit.065aa9837121a4309d96e70d0eda2356a4fc8a71

  db:
    git: https://github.com/crystal-lang/crystal-db.git
    version: 0.13.1

  pg:
    git: https://github.com/will/crystal-pg.git
    version: 0.28.0

